
Microsoft Visual Studio Solution File, Format Version 12.00
# Visual Studio 15
VisualStudioVersion = 15.0.27703.2042
MinimumVisualStudioVersion = 10.0.40219.1
Project("{9A19103F-16F7-4668-BE54-9A1E7A4F7556}") = "WorkshopSnippets", "WorkshopExample\WorkshopSnippets.csproj", "{C19B83A1-6735-4CE0-A0AB-4AD01CE09868}"
EndProject
Project("{2150E333-8FDC-42A3-9474-1A3956D46DE8}") = "Exercise1", "Exercise1", "{DDEC16C0-960A-4EBB-B702-F33F121CC60D}"
EndProject
Project("{2150E333-8FDC-42A3-9474-1A3956D46DE8}") = "Exercise2", "Exercise2", "{6FB33070-BE7E-49E5-AE7D-45F6AA806527}"
EndProject
Project("{9A19103F-16F7-4668-BE54-9A1E7A4F7556}") = "MarvelApp.API", "WorkshopExercise1\MarvelApp.API\MarvelApp.API.csproj", "{D3509D7A-6B1E-451C-89AA-13BCA59B1F94}"
EndProject
Project("{9A19103F-16F7-4668-BE54-9A1E7A4F7556}") = "MarvelApp.Business", "WorkshopExercise1\MarvelApp.Business\MarvelApp.Business.csproj", "{0FA85332-CA4D-4EF1-9E46-CA3A0A20FFFA}"
EndProject
Project("{9A19103F-16F7-4668-BE54-9A1E7A4F7556}") = "MarvelApp.Business.Contracts", "WorkshopExercise1\MarvelApp.Business.Contracts\MarvelApp.Business.Contracts.csproj", "{FF40CEC0-0059-4191-984E-CD938A76AA19}"
EndProject
Project("{9A19103F-16F7-4668-BE54-9A1E7A4F7556}") = "MarvelApp.DataAccess", "WorkshopExercise1\MarvelApp.DataAccess\MarvelApp.DataAccess.csproj", "{B5CF6E7C-CD23-4692-B21E-E1822AD3899B}"
EndProject
Project("{9A19103F-16F7-4668-BE54-9A1E7A4F7556}") = "MarvelApp.Domain", "WorkshopExercise1\MarvelApp.Domain\MarvelApp.Domain.csproj", "{9882051E-5D4F-4133-A77D-BF53D2996921}"
EndProject
Project("{9A19103F-16F7-4668-BE54-9A1E7A4F7556}") = "MarvelApp.DomainServices", "WorkshopExercise1\MarvelApp.DomainServices\MarvelApp.DomainServices.csproj", "{3FB3DC6C-9D70-4A63-AFF0-8D204ACF477E}"
EndProject
Project("{9A19103F-16F7-4668-BE54-9A1E7A4F7556}") = "MarvelApp.Ex2.API", "WorkshopExercise2\MarvelApp.Ex2.API\MarvelApp.Ex2.API.csproj", "{19F6A72D-6E69-4E98-B38D-567B274204BC}"
EndProject
Project("{FAE04EC0-301F-11D3-BF4B-00C04F79EFBC}") = "MarvelApp.Ex2.CQRS", "WorkshopExercise2\MarvelApp.Ex2.CQRS\MarvelApp.Ex2.CQRS.csproj", "{3F84BDAB-9D04-4DC1-966D-69ED0D8B106B}"
EndProject
Project("{FAE04EC0-301F-11D3-BF4B-00C04F79EFBC}") = "MarvelApp.Ex2.DataAccess", "WorkshopExercise2\MarvelApp.Ex2.DataAccess\MarvelApp.Ex2.DataAccess.csproj", "{9F4BDC65-3239-454C-AF25-4A72C8819A13}"
EndProject
Project("{FAE04EC0-301F-11D3-BF4B-00C04F79EFBC}") = "MarvelApp.Ex2.Domain", "WorkshopExercise2\MarvelApp.Ex2.Domain\MarvelApp.Ex2.Domain.csproj", "{204BC045-DBB0-4381-AD15-CB3563EC9A14}"
EndProject
Project("{FAE04EC0-301F-11D3-BF4B-00C04F79EFBC}") = "MarvelApp.Ex2.DomainServices", "WorkshopExercise2\MarvelApp.Ex2.DomainServices\MarvelApp.Ex2.DomainServices.csproj", "{DA6F5009-D74B-404A-80D0-935BA9BF4349}"
EndProject
Global
	GlobalSection(SolutionConfigurationPlatforms) = preSolution
		Debug|Any CPU = Debug|Any CPU
		Release|Any CPU = Release|Any CPU
	EndGlobalSection
	GlobalSection(ProjectConfigurationPlatforms) = postSolution
		{C19B83A1-6735-4CE0-A0AB-4AD01CE09868}.Debug|Any CPU.ActiveCfg = Debug|Any CPU
		{C19B83A1-6735-4CE0-A0AB-4AD01CE09868}.Debug|Any CPU.Build.0 = Debug|Any CPU
		{C19B83A1-6735-4CE0-A0AB-4AD01CE09868}.Release|Any CPU.ActiveCfg = Release|Any CPU
		{C19B83A1-6735-4CE0-A0AB-4AD01CE09868}.Release|Any CPU.Build.0 = Release|Any CPU
		{D3509D7A-6B1E-451C-89AA-13BCA59B1F94}.Debug|Any CPU.ActiveCfg = Debug|Any CPU
		{D3509D7A-6B1E-451C-89AA-13BCA59B1F94}.Debug|Any CPU.Build.0 = Debug|Any CPU
		{D3509D7A-6B1E-451C-89AA-13BCA59B1F94}.Release|Any CPU.ActiveCfg = Release|Any CPU
		{D3509D7A-6B1E-451C-89AA-13BCA59B1F94}.Release|Any CPU.Build.0 = Release|Any CPU
		{0FA85332-CA4D-4EF1-9E46-CA3A0A20FFFA}.Debug|Any CPU.ActiveCfg = Debug|Any CPU
		{0FA85332-CA4D-4EF1-9E46-CA3A0A20FFFA}.Debug|Any CPU.Build.0 = Debug|Any CPU
		{0FA85332-CA4D-4EF1-9E46-CA3A0A20FFFA}.Release|Any CPU.ActiveCfg = Release|Any CPU
		{0FA85332-CA4D-4EF1-9E46-CA3A0A20FFFA}.Release|Any CPU.Build.0 = Release|Any CPU
		{FF40CEC0-0059-4191-984E-CD938A76AA19}.Debug|Any CPU.ActiveCfg = Debug|Any CPU
		{FF40CEC0-0059-4191-984E-CD938A76AA19}.Debug|Any CPU.Build.0 = Debug|Any CPU
		{FF40CEC0-0059-4191-984E-CD938A76AA19}.Release|Any CPU.ActiveCfg = Release|Any CPU
		{FF40CEC0-0059-4191-984E-CD938A76AA19}.Release|Any CPU.Build.0 = Release|Any CPU
		{B5CF6E7C-CD23-4692-B21E-E1822AD3899B}.Debug|Any CPU.ActiveCfg = Debug|Any CPU
		{B5CF6E7C-CD23-4692-B21E-E1822AD3899B}.Debug|Any CPU.Build.0 = Debug|Any CPU
		{B5CF6E7C-CD23-4692-B21E-E1822AD3899B}.Release|Any CPU.ActiveCfg = Release|Any CPU
		{B5CF6E7C-CD23-4692-B21E-E1822AD3899B}.Release|Any CPU.Build.0 = Release|Any CPU
		{9882051E-5D4F-4133-A77D-BF53D2996921}.Debug|Any CPU.ActiveCfg = Debug|Any CPU
		{9882051E-5D4F-4133-A77D-BF53D2996921}.Debug|Any CPU.Build.0 = Debug|Any CPU
		{9882051E-5D4F-4133-A77D-BF53D2996921}.Release|Any CPU.ActiveCfg = Release|Any CPU
		{9882051E-5D4F-4133-A77D-BF53D2996921}.Release|Any CPU.Build.0 = Release|Any CPU
		{3FB3DC6C-9D70-4A63-AFF0-8D204ACF477E}.Debug|Any CPU.ActiveCfg = Debug|Any CPU
		{3FB3DC6C-9D70-4A63-AFF0-8D204ACF477E}.Debug|Any CPU.Build.0 = Debug|Any CPU
		{3FB3DC6C-9D70-4A63-AFF0-8D204ACF477E}.Release|Any CPU.ActiveCfg = Release|Any CPU
		{3FB3DC6C-9D70-4A63-AFF0-8D204ACF477E}.Release|Any CPU.Build.0 = Release|Any CPU
		{19F6A72D-6E69-4E98-B38D-567B274204BC}.Debug|Any CPU.ActiveCfg = Debug|Any CPU
		{19F6A72D-6E69-4E98-B38D-567B274204BC}.Debug|Any CPU.Build.0 = Debug|Any CPU
		{19F6A72D-6E69-4E98-B38D-567B274204BC}.Release|Any CPU.ActiveCfg = Release|Any CPU
		{19F6A72D-6E69-4E98-B38D-567B274204BC}.Release|Any CPU.Build.0 = Release|Any CPU
		{3F84BDAB-9D04-4DC1-966D-69ED0D8B106B}.Debug|Any CPU.ActiveCfg = Debug|Any CPU
		{3F84BDAB-9D04-4DC1-966D-69ED0D8B106B}.Debug|Any CPU.Build.0 = Debug|Any CPU
		{3F84BDAB-9D04-4DC1-966D-69ED0D8B106B}.Release|Any CPU.ActiveCfg = Release|Any CPU
		{3F84BDAB-9D04-4DC1-966D-69ED0D8B106B}.Release|Any CPU.Build.0 = Release|Any CPU
		{9F4BDC65-3239-454C-AF25-4A72C8819A13}.Debug|Any CPU.ActiveCfg = Debug|Any CPU
		{9F4BDC65-3239-454C-AF25-4A72C8819A13}.Debug|Any CPU.Build.0 = Debug|Any CPU
		{9F4BDC65-3239-454C-AF25-4A72C8819A13}.Release|Any CPU.ActiveCfg = Release|Any CPU
		{9F4BDC65-3239-454C-AF25-4A72C8819A13}.Release|Any CPU.Build.0 = Release|Any CPU
		{204BC045-DBB0-4381-AD15-CB3563EC9A14}.Debug|Any CPU.ActiveCfg = Debug|Any CPU
		{204BC045-DBB0-4381-AD15-CB3563EC9A14}.Debug|Any CPU.Build.0 = Debug|Any CPU
		{204BC045-DBB0-4381-AD15-CB3563EC9A14}.Release|Any CPU.ActiveCfg = Release|Any CPU
		{204BC045-DBB0-4381-AD15-CB3563EC9A14}.Release|Any CPU.Build.0 = Release|Any CPU
		{DA6F5009-D74B-404A-80D0-935BA9BF4349}.Debug|Any CPU.ActiveCfg = Debug|Any CPU
		{DA6F5009-D74B-404A-80D0-935BA9BF4349}.Debug|Any CPU.Build.0 = Debug|Any CPU
		{DA6F5009-D74B-404A-80D0-935BA9BF4349}.Release|Any CPU.ActiveCfg = Release|Any CPU
		{DA6F5009-D74B-404A-80D0-935BA9BF4349}.Release|Any CPU.Build.0 = Release|Any CPU
	EndGlobalSection
	GlobalSection(SolutionProperties) = preSolution
		HideSolutionNode = FALSE
	EndGlobalSection
	GlobalSection(NestedProjects) = preSolution
		{D3509D7A-6B1E-451C-89AA-13BCA59B1F94} = {DDEC16C0-960A-4EBB-B702-F33F121CC60D}
		{0FA85332-CA4D-4EF1-9E46-CA3A0A20FFFA} = {DDEC16C0-960A-4EBB-B702-F33F121CC60D}
		{FF40CEC0-0059-4191-984E-CD938A76AA19} = {DDEC16C0-960A-4EBB-B702-F33F121CC60D}
		{B5CF6E7C-CD23-4692-B21E-E1822AD3899B} = {DDEC16C0-960A-4EBB-B702-F33F121CC60D}
		{9882051E-5D4F-4133-A77D-BF53D2996921} = {DDEC16C0-960A-4EBB-B702-F33F121CC60D}
		{3FB3DC6C-9D70-4A63-AFF0-8D204ACF477E} = {DDEC16C0-960A-4EBB-B702-F33F121CC60D}
		{19F6A72D-6E69-4E98-B38D-567B274204BC} = {6FB33070-BE7E-49E5-AE7D-45F6AA806527}
		{3F84BDAB-9D04-4DC1-966D-69ED0D8B106B} = {6FB33070-BE7E-49E5-AE7D-45F6AA806527}
		{9F4BDC65-3239-454C-AF25-4A72C8819A13} = {6FB33070-BE7E-49E5-AE7D-45F6AA806527}
		{204BC045-DBB0-4381-AD15-CB3563EC9A14} = {6FB33070-BE7E-49E5-AE7D-45F6AA806527}
		{DA6F5009-D74B-404A-80D0-935BA9BF4349} = {6FB33070-BE7E-49E5-AE7D-45F6AA806527}
	EndGlobalSection
	GlobalSection(ExtensibilityGlobals) = postSolution
		SolutionGuid = {68986C0B-1B33-4E9D-B19B-7541C3CADF29}
	EndGlobalSection
EndGlobal
